
Microsoft Visual Studio Solution File, Format Version 12.00
# Visual Studio Version 16
VisualStudioVersion = 16.0.30011.22
MinimumVisualStudioVersion = 10.0.40219.1
Project("{FAE04EC0-301F-11D3-BF4B-00C04F79EFBC}") = "PomodoroVicApp", "PomodoroVicApp.csproj", "{588157DD-0379-4124-BE90-25089DF58442}"
EndProject
Global
	GlobalSection(SolutionConfigurationPlatforms) = preSolution
		Debug|Any CPU = Debug|Any CPU
		Release|Any CPU = Release|Any CPU
	EndGlobalSection
	GlobalSection(ProjectConfigurationPlatforms) = postSolution
		{588157DD-0379-4124-BE90-25089DF58442}.Debug|Any CPU.ActiveCfg = Debug|Any CPU
		{588157DD-0379-4124-BE90-25089DF58442}.Debug|Any CPU.Build.0 = Debug|Any CPU
		{588157DD-0379-4124-BE90-25089DF58442}.Release|Any CPU.ActiveCfg = Release|Any CPU
		{588157DD-0379-4124-BE90-25089DF58442}.Release|Any CPU.Build.0 = Release|Any CPU
	EndGlobalSection
	GlobalSection(SolutionProperties) = preSolution
		HideSolutionNode = FALSE
	EndGlobalSection
	GlobalSection(ExtensibilityGlobals) = postSolution
		SolutionGuid = {516DE0E0-67E8-4FEA-BDA9-2665F01600CD}
	EndGlobalSection
EndGlobal
